
Microsoft Visual Studio Solution File, Format Version 12.00
# Visual Studio 15
VisualStudioVersion = 15.0.26403.0
MinimumVisualStudioVersion = 10.0.40219.1
Project("{FAE04EC0-301F-11D3-BF4B-00C04F79EFBC}") = "2012128180-CON", "2012128180-SLN\2012128180-CON.csproj", "{39D0850F-3051-4465-AFDB-4F340CE9391C}"
EndProject
Project("{FAE04EC0-301F-11D3-BF4B-00C04F79EFBC}") = "2012128180-ENT", "2012128180-ENT\2012128180-ENT.csproj", "{A4681BBA-C06C-4519-8036-B1C15A6F6B30}"
EndProject
Project("{FAE04EC0-301F-11D3-BF4B-00C04F79EFBC}") = "2012128180-PER", "2012128180-PER\2012128180-PER.csproj", "{4F5EAF54-EC4B-444C-AB58-C5B28930B68A}"
EndProject
Global
	GlobalSection(SolutionConfigurationPlatforms) = preSolution
		Debug|Any CPU = Debug|Any CPU
		Release|Any CPU = Release|Any CPU
	EndGlobalSection
	GlobalSection(ProjectConfigurationPlatforms) = postSolution
		{39D0850F-3051-4465-AFDB-4F340CE9391C}.Debug|Any CPU.ActiveCfg = Debug|Any CPU
		{39D0850F-3051-4465-AFDB-4F340CE9391C}.Debug|Any CPU.Build.0 = Debug|Any CPU
		{39D0850F-3051-4465-AFDB-4F340CE9391C}.Release|Any CPU.ActiveCfg = Release|Any CPU
		{39D0850F-3051-4465-AFDB-4F340CE9391C}.Release|Any CPU.Build.0 = Release|Any CPU
		{A4681BBA-C06C-4519-8036-B1C15A6F6B30}.Debug|Any CPU.ActiveCfg = Debug|Any CPU
		{A4681BBA-C06C-4519-8036-B1C15A6F6B30}.Debug|Any CPU.Build.0 = Debug|Any CPU
		{A4681BBA-C06C-4519-8036-B1C15A6F6B30}.Release|Any CPU.ActiveCfg = Release|Any CPU
		{A4681BBA-C06C-4519-8036-B1C15A6F6B30}.Release|Any CPU.Build.0 = Release|Any CPU
		{4F5EAF54-EC4B-444C-AB58-C5B28930B68A}.Debug|Any CPU.ActiveCfg = Debug|Any CPU
		{4F5EAF54-EC4B-444C-AB58-C5B28930B68A}.Debug|Any CPU.Build.0 = Debug|Any CPU
		{4F5EAF54-EC4B-444C-AB58-C5B28930B68A}.Release|Any CPU.ActiveCfg = Release|Any CPU
		{4F5EAF54-EC4B-444C-AB58-C5B28930B68A}.Release|Any CPU.Build.0 = Release|Any CPU
	EndGlobalSection
	GlobalSection(SolutionProperties) = preSolution
		HideSolutionNode = FALSE
	EndGlobalSection
EndGlobal
